{
  "name": "lazyload_placeholders_test",
  "version": "1.0.0",
  "lockfileVersion": 1,
  "requires": true,
  "dependencies": {
    "vanilla-lazyload": {
      "version": "12.1.0",
      "resolved": "https://registry.npmjs.org/vanilla-lazyload/-/vanilla-lazyload-12.1.0.tgz",
      "integrity": "sha512-qZGPmpuBmNQXOzmF3ufvuU/MbM9a6XToGoQi5G4KmYFKD6ErUO3HTq3aBBcMIFZqqRJaz46yc6ax5syJTXjDJA=="
    }
  }
}
